{
  "name": "@unfunco/chrome-ext-aws-saml-sts",
  "version": "0.1.0",
  "lockfileVersion": 3,
  "requires": true,
  "packages": {
    "": {
      "name": "@unfunco/chrome-ext-aws-saml-sts",
      "version": "0.1.0",
      "license": "Apache-2.0",
      "engines": {
        "node": "20",
        "npm": "9"
      }
    }
  }
}
